
Microsoft Visual Studio Solution File, Format Version 12.00
# Visual Studio Version 16
VisualStudioVersion = 16.0.29418.71
MinimumVisualStudioVersion = 10.0.40219.1
Project("{FAE04EC0-301F-11D3-BF4B-00C04F79EFBC}") = "EsStoredProcedure_Piloti", "EsStoredProcedure_Piloti\EsStoredProcedure_Piloti.csproj", "{9913FFE5-0B37-4CFE-A8E1-EB5A85392AD7}"
EndProject
Global
	GlobalSection(SolutionConfigurationPlatforms) = preSolution
		Debug|Any CPU = Debug|Any CPU
		Release|Any CPU = Release|Any CPU
	EndGlobalSection
	GlobalSection(ProjectConfigurationPlatforms) = postSolution
		{9913FFE5-0B37-4CFE-A8E1-EB5A85392AD7}.Debug|Any CPU.ActiveCfg = Debug|Any CPU
		{9913FFE5-0B37-4CFE-A8E1-EB5A85392AD7}.Debug|Any CPU.Build.0 = Debug|Any CPU
		{9913FFE5-0B37-4CFE-A8E1-EB5A85392AD7}.Release|Any CPU.ActiveCfg = Release|Any CPU
		{9913FFE5-0B37-4CFE-A8E1-EB5A85392AD7}.Release|Any CPU.Build.0 = Release|Any CPU
	EndGlobalSection
	GlobalSection(SolutionProperties) = preSolution
		HideSolutionNode = FALSE
	EndGlobalSection
	GlobalSection(ExtensibilityGlobals) = postSolution
		SolutionGuid = {2727F118-7D57-4741-9EC0-F15E3B92F7A2}
	EndGlobalSection
EndGlobal
