
Microsoft Visual Studio Solution File, Format Version 12.00
# Visual Studio Version 16
VisualStudioVersion = 16.0.29418.71
MinimumVisualStudioVersion = 10.0.40219.1
Project("{FAE04EC0-301F-11D3-BF4B-00C04F79EFBC}") = "Es_di_trigger_30_01_2021", "Es_di_trigger_30_01_2021\Es_di_trigger_30_01_2021.csproj", "{A380E29D-318B-4471-B19D-9923A6ED47E7}"
EndProject
Global
	GlobalSection(SolutionConfigurationPlatforms) = preSolution
		Debug|Any CPU = Debug|Any CPU
		Release|Any CPU = Release|Any CPU
	EndGlobalSection
	GlobalSection(ProjectConfigurationPlatforms) = postSolution
		{A380E29D-318B-4471-B19D-9923A6ED47E7}.Debug|Any CPU.ActiveCfg = Debug|Any CPU
		{A380E29D-318B-4471-B19D-9923A6ED47E7}.Debug|Any CPU.Build.0 = Debug|Any CPU
		{A380E29D-318B-4471-B19D-9923A6ED47E7}.Release|Any CPU.ActiveCfg = Release|Any CPU
		{A380E29D-318B-4471-B19D-9923A6ED47E7}.Release|Any CPU.Build.0 = Release|Any CPU
	EndGlobalSection
	GlobalSection(SolutionProperties) = preSolution
		HideSolutionNode = FALSE
	EndGlobalSection
	GlobalSection(ExtensibilityGlobals) = postSolution
		SolutionGuid = {C73A4BCE-6C8E-4000-9AA1-290902E62806}
	EndGlobalSection
EndGlobal
